
Microsoft Visual Studio Solution File, Format Version 12.00
# Visual Studio Version 17
VisualStudioVersion = 17.4.33205.214
MinimumVisualStudioVersion = 10.0.40219.1
Project("{9A19103F-16F7-4668-BE54-9A1E7A4F7556}") = "e-Journal.Api", "e-Journal.Api\e-Journal.Api.csproj", "{953B0917-3CC2-4074-B95B-4BA7BA8B3CDF}"
EndProject
Project("{9A19103F-16F7-4668-BE54-9A1E7A4F7556}") = "EJournal.Domain", "EJournal.Domain\EJournal.Domain.csproj", "{37F3486E-3B00-4B63-8EA4-38A7C64B2691}"
EndProject
Project("{9A19103F-16F7-4668-BE54-9A1E7A4F7556}") = "EJournal.DataAcces", "EJournal.Data\EJournal.DataAcces.csproj", "{D070F843-3B35-4DD4-B2C6-D6F7F0DE117F}"
EndProject
Project("{9A19103F-16F7-4668-BE54-9A1E7A4F7556}") = "EJournal.Service", "EJournal.Service\EJournal.Service.csproj", "{A26F3484-69E8-497E-ACC4-ABCC9EE97D24}"
EndProject
Global
	GlobalSection(SolutionConfigurationPlatforms) = preSolution
		Debug|Any CPU = Debug|Any CPU
		Release|Any CPU = Release|Any CPU
	EndGlobalSection
	GlobalSection(ProjectConfigurationPlatforms) = postSolution
		{953B0917-3CC2-4074-B95B-4BA7BA8B3CDF}.Debug|Any CPU.ActiveCfg = Debug|Any CPU
		{953B0917-3CC2-4074-B95B-4BA7BA8B3CDF}.Debug|Any CPU.Build.0 = Debug|Any CPU
		{953B0917-3CC2-4074-B95B-4BA7BA8B3CDF}.Release|Any CPU.ActiveCfg = Release|Any CPU
		{953B0917-3CC2-4074-B95B-4BA7BA8B3CDF}.Release|Any CPU.Build.0 = Release|Any CPU
		{37F3486E-3B00-4B63-8EA4-38A7C64B2691}.Debug|Any CPU.ActiveCfg = Debug|Any CPU
		{37F3486E-3B00-4B63-8EA4-38A7C64B2691}.Debug|Any CPU.Build.0 = Debug|Any CPU
		{37F3486E-3B00-4B63-8EA4-38A7C64B2691}.Release|Any CPU.ActiveCfg = Release|Any CPU
		{37F3486E-3B00-4B63-8EA4-38A7C64B2691}.Release|Any CPU.Build.0 = Release|Any CPU
		{D070F843-3B35-4DD4-B2C6-D6F7F0DE117F}.Debug|Any CPU.ActiveCfg = Debug|Any CPU
		{D070F843-3B35-4DD4-B2C6-D6F7F0DE117F}.Debug|Any CPU.Build.0 = Debug|Any CPU
		{D070F843-3B35-4DD4-B2C6-D6F7F0DE117F}.Release|Any CPU.ActiveCfg = Release|Any CPU
		{D070F843-3B35-4DD4-B2C6-D6F7F0DE117F}.Release|Any CPU.Build.0 = Release|Any CPU
		{A26F3484-69E8-497E-ACC4-ABCC9EE97D24}.Debug|Any CPU.ActiveCfg = Debug|Any CPU
		{A26F3484-69E8-497E-ACC4-ABCC9EE97D24}.Debug|Any CPU.Build.0 = Debug|Any CPU
		{A26F3484-69E8-497E-ACC4-ABCC9EE97D24}.Release|Any CPU.ActiveCfg = Release|Any CPU
		{A26F3484-69E8-497E-ACC4-ABCC9EE97D24}.Release|Any CPU.Build.0 = Release|Any CPU
	EndGlobalSection
	GlobalSection(SolutionProperties) = preSolution
		HideSolutionNode = FALSE
	EndGlobalSection
	GlobalSection(ExtensibilityGlobals) = postSolution
		SolutionGuid = {395C8172-A3BC-4024-AF21-D6DE9E6C9F48}
	EndGlobalSection
EndGlobal
